// !$*UTF8*$!
{
	archiveVersion = 1;
	classes = {
	};
	objectVersion = 77;
	objects = {

/* Begin PBXContainerItemProxy section */
		E26E5F232CDA407A0034C209 /* PBXContainerItemProxy */ = {
			isa = PBXContainerItemProxy;
			containerPortal = E26E5F0A2CDA40780034C209 /* Project object */;
			proxyType = 1;
			remoteGlobalIDString = E26E5F112CDA40780034C209;
			remoteInfo = DrugCertification;
		};
		E26E5F2D2CDA407A0034C209 /* PBXContainerItemProxy */ = {
			isa = PBXContainerItemProxy;
			containerPortal = E26E5F0A2CDA40780034C209 /* Project object */;
			proxyType = 1;
			remoteGlobalIDString = E26E5F112CDA40780034C209;
			remoteInfo = DrugCertification;
		};
/* End PBXContainerItemProxy section */

/* Begin PBXFileReference section */
		E26E5F122CDA40780034C209 /* DrugCertification.app */ = {isa = PBXFileReference; explicitFileType = wrapper.application; includeInIndex = 0; path = DrugCertification.app; sourceTree = BUILT_PRODUCTS_DIR; };
		E26E5F222CDA407A0034C209 /* DrugCertificationTests.xctest */ = {isa = PBXFileReference; explicitFileType = wrapper.cfbundle; includeInIndex = 0; path = DrugCertificationTests.xctest; sourceTree = BUILT_PRODUCTS_DIR; };
		E26E5F2C2CDA407A0034C209 /* DrugCertificationUITests.xctest */ = {isa = PBXFileReference; explicitFileType = wrapper.cfbundle; includeInIndex = 0; path = DrugCertificationUITests.xctest; sourceTree = BUILT_PRODUCTS_DIR; };
/* End PBXFileReference section */

/* Begin PBXFileSystemSynchronizedBuildFileExceptionSet section */
		E26E5F402CDA41540034C209 /* Exceptions for "DrugCertification" folder in "DrugCertification" target */ = {
			isa = PBXFileSystemSynchronizedBuildFileExceptionSet;
			membershipExceptions = (
				Info.plist,
			);
			target = E26E5F112CDA40780034C209 /* DrugCertification */;
		};
/* End PBXFileSystemSynchronizedBuildFileExceptionSet section */

/* Begin PBXFileSystemSynchronizedRootGroup section */
		E26E5F142CDA40780034C209 /* DrugCertification */ = {
			isa = PBXFileSystemSynchronizedRootGroup;
			exceptions = (
				E26E5F402CDA41540034C209 /* Exceptions for "DrugCertification" folder in "DrugCertification" target */,
			);
			path = DrugCertification;
			sourceTree = "<group>";
		};
		E26E5F252CDA407A0034C209 /* DrugCertificationTests */ = {
			isa = PBXFileSystemSynchronizedRootGroup;
			path = DrugCertificationTests;
			sourceTree = "<group>";
		};
		E26E5F2F2CDA407A0034C209 /* DrugCertificationUITests */ = {
			isa = PBXFileSystemSynchronizedRootGroup;
			path = DrugCertificationUITests;
			sourceTree = "<group>";
		};
/* End PBXFileSystemSynchronizedRootGroup section */

/* Begin PBXFrameworksBuildPhase section */
		E26E5F0F2CDA40780034C209 /* Frameworks */ = {
			isa = PBXFrameworksBuildPhase;
			buildActionMask = 2147483647;
			files = (
			);
			runOnlyForDeploymentPostprocessing = 0;
		};
		E26E5F1F2CDA407A0034C209 /* Frameworks */ = {
			isa = PBXFrameworksBuildPhase;
			buildActionMask = 2147483647;
			files = (
			);
			runOnlyForDeploymentPostprocessing = 0;
		};
		E26E5F292CDA407A0034C209 /* Frameworks */ = {
			isa = PBXFrameworksBuildPhase;
			buildActionMask = 2147483647;
			files = (
			);
			runOnlyForDeploymentPostprocessing = 0;
		};
/* End PBXFrameworksBuildPhase section */

/* Begin PBXGroup section */
		E26E5F092CDA40780034C209 = {
			isa = PBXGroup;
			children = (
				E26E5F142CDA40780034C209 /* DrugCertification */,
				E26E5F252CDA407A0034C209 /* DrugCertificationTests */,
				E26E5F2F2CDA407A0034C209 /* DrugCertificationUITests */,
				E26E5F132CDA40780034C209 /* Products */,
			);
			sourceTree = "<group>";
		};
		E26E5F132CDA40780034C209 /* Products */ = {
			isa = PBXGroup;
			children = (
				E26E5F122CDA40780034C209 /* DrugCertification.app */,
				E26E5F222CDA407A0034C209 /* DrugCertificationTests.xctest */,
				E26E5F2C2CDA407A0034C209 /* DrugCertificationUITests.xctest */,
			);
			name = Products;
			sourceTree = "<group>";
		};
/* End PBXGroup section */

/* Begin PBXNativeTarget section */
		E26E5F112CDA40780034C209 /* DrugCertification */ = {
			isa = PBXNativeTarget;
			buildConfigurationList = E26E5F362CDA407A0034C209 /* Build configuration list for PBXNativeTarget "DrugCertification" */;
			buildPhases = (
				E26E5F0E2CDA40780034C209 /* Sources */,
				E26E5F0F2CDA40780034C209 /* Frameworks */,
				E26E5F102CDA40780034C209 /* Resources */,
			);
			buildRules = (
			);
			dependencies = (
			);
			fileSystemSynchronizedGroups = (
				E26E5F142CDA40780034C209 /* DrugCertification */,
			);
			name = DrugCertification;
			packageProductDependencies = (
			);
			productName = DrugCertification;
			productReference = E26E5F122CDA40780034C209 /* DrugCertification.app */;
			productType = "com.apple.product-type.application";
		};
		E26E5F212CDA407A0034C209 /* DrugCertificationTests */ = {
			isa = PBXNativeTarget;
			buildConfigurationList = E26E5F392CDA407A0034C209 /* Build configuration list for PBXNativeTarget "DrugCertificationTests" */;
			buildPhases = (
				E26E5F1E2CDA407A0034C209 /* Sources */,
				E26E5F1F2CDA407A0034C209 /* Frameworks */,
				E26E5F202CDA407A0034C209 /* Resources */,
			);
			buildRules = (
			);
			dependencies = (
				E26E5F242CDA407A0034C209 /* PBXTargetDependency */,
			);
			fileSystemSynchronizedGroups = (
				E26E5F252CDA407A0034C209 /* DrugCertificationTests */,
			);
			name = DrugCertificationTests;
			packageProductDependencies = (
			);
			productName = DrugCertificationTests;
			productReference = E26E5F222CDA407A0034C209 /* DrugCertificationTests.xctest */;
			productType = "com.apple.product-type.bundle.unit-test";
		};
		E26E5F2B2CDA407A0034C209 /* DrugCertificationUITests */ = {
			isa = PBXNativeTarget;
			buildConfigurationList = E26E5F3C2CDA407A0034C209 /* Build configuration list for PBXNativeTarget "DrugCertificationUITests" */;
			buildPhases = (
				E26E5F282CDA407A0034C209 /* Sources */,
				E26E5F292CDA407A0034C209 /* Frameworks */,
				E26E5F2A2CDA407A0034C209 /* Resources */,
			);
			buildRules = (
			);
			dependencies = (
				E26E5F2E2CDA407A0034C209 /* PBXTargetDependency */,
			);
			fileSystemSynchronizedGroups = (
				E26E5F2F2CDA407A0034C209 /* DrugCertificationUITests */,
			);
			name = DrugCertificationUITests;
			packageProductDependencies = (
			);
			productName = DrugCertificationUITests;
			productReference = E26E5F2C2CDA407A0034C209 /* DrugCertificationUITests.xctest */;
			productType = "com.apple.product-type.bundle.ui-testing";
		};
/* End PBXNativeTarget section */

/* Begin PBXProject section */
		E26E5F0A2CDA40780034C209 /* Project object */ = {
			isa = PBXProject;
			attributes = {
				BuildIndependentTargetsInParallel = 1;
				LastSwiftUpdateCheck = 1610;
				LastUpgradeCheck = 1610;
				TargetAttributes = {
					E26E5F112CDA40780034C209 = {
						CreatedOnToolsVersion = 16.1;
					};
					E26E5F212CDA407A0034C209 = {
						CreatedOnToolsVersion = 16.1;
						TestTargetID = E26E5F112CDA40780034C209;
					};
					E26E5F2B2CDA407A0034C209 = {
						CreatedOnToolsVersion = 16.1;
						TestTargetID = E26E5F112CDA40780034C209;
					};
				};
			};
			buildConfigurationList = E26E5F0D2CDA40780034C209 /* Build configuration list for PBXProject "DrugCertification" */;
			developmentRegion = en;
			hasScannedForEncodings = 0;
			knownRegions = (
				en,
				Base,
			);
			mainGroup = E26E5F092CDA40780034C209;
			minimizedProjectReferenceProxies = 1;
			preferredProjectObjectVersion = 77;
			productRefGroup = E26E5F132CDA40780034C209 /* Products */;
			projectDirPath = "";
			projectRoot = "";
			targets = (
				E26E5F112CDA40780034C209 /* DrugCertification */,
				E26E5F212CDA407A0034C209 /* DrugCertificationTests */,
				E26E5F2B2CDA407A0034C209 /* DrugCertificationUITests */,
			);
		};
/* End PBXProject section */

/* Begin PBXResourcesBuildPhase section */
		E26E5F102CDA40780034C209 /* Resources */ = {
			isa = PBXResourcesBuildPhase;
			buildActionMask = 2147483647;
			files = (
			);
			runOnlyForDeploymentPostprocessing = 0;
		};
		E26E5F202CDA407A0034C209 /* Resources */ = {
			isa = PBXResourcesBuildPhase;
			buildActionMask = 2147483647;
			files = (
			);
			runOnlyForDeploymentPostprocessing = 0;
		};
		E26E5F2A2CDA407A0034C209 /* Resources */ = {
			isa = PBXResourcesBuildPhase;
			buildActionMask = 2147483647;
			files = (
			);
			runOnlyForDeploymentPostprocessing = 0;
		};
/* End PBXResourcesBuildPhase section */

/* Begin PBXSourcesBuildPhase section */
		E26E5F0E2CDA40780034C209 /* Sources */ = {
			isa = PBXSourcesBuildPhase;
			buildActionMask = 2147483647;
			files = (
			);
			runOnlyForDeploymentPostprocessing = 0;
		};
		E26E5F1E2CDA407A0034C209 /* Sources */ = {
			isa = PBXSourcesBuildPhase;
			buildActionMask = 2147483647;
			files = (
			);
			runOnlyForDeploymentPostprocessing = 0;
		};
		E26E5F282CDA407A0034C209 /* Sources */ = {
			isa = PBXSourcesBuildPhase;
			buildActionMask = 2147483647;
			files = (
			);
			runOnlyForDeploymentPostprocessing = 0;
		};
/* End PBXSourcesBuildPhase section */

/* Begin PBXTargetDependency section */
		E26E5F242CDA407A0034C209 /* PBXTargetDependency */ = {
			isa = PBXTargetDependency;
			target = E26E5F112CDA40780034C209 /* DrugCertification */;
			targetProxy = E26E5F232CDA407A0034C209 /* PBXContainerItemProxy */;
		};
		E26E5F2E2CDA407A0034C209 /* PBXTargetDependency */ = {
			isa = PBXTargetDependency;
			target = E26E5F112CDA40780034C209 /* DrugCertification */;
			targetProxy = E26E5F2D2CDA407A0034C209 /* PBXContainerItemProxy */;
		};
/* End PBXTargetDependency section */

/* Begin XCBuildConfiguration section */
		E26E5F342CDA407A0034C209 /* Debug */ = {
			isa = XCBuildConfiguration;
			buildSettings = {
				ALWAYS_SEARCH_USER_PATHS = NO;
				ASSETCATALOG_COMPILER_GENERATE_SWIFT_ASSET_SYMBOL_EXTENSIONS = YES;
				CLANG_ANALYZER_NONNULL = YES;
				CLANG_ANALYZER_NUMBER_OBJECT_CONVERSION = YES_AGGRESSIVE;
				CLANG_CXX_LANGUAGE_STANDARD = "gnu++20";
				CLANG_ENABLE_MODULES = YES;
				CLANG_ENABLE_OBJC_ARC = YES;
				CLANG_ENABLE_OBJC_WEAK = YES;
				CLANG_WARN_BLOCK_CAPTURE_AUTORELEASING = YES;
				CLANG_WARN_BOOL_CONVERSION = YES;
				CLANG_WARN_COMMA = YES;
				CLANG_WARN_CONSTANT_CONVERSION = YES;
				CLANG_WARN_DEPRECATED_OBJC_IMPLEMENTATIONS = YES;
				CLANG_WARN_DIRECT_OBJC_ISA_USAGE = YES_ERROR;
				CLANG_WARN_DOCUMENTATION_COMMENTS = YES;
				CLANG_WARN_EMPTY_BODY = YES;
				CLANG_WARN_ENUM_CONVERSION = YES;
				CLANG_WARN_INFINITE_RECURSION = YES;
				CLANG_WARN_INT_CONVERSION = YES;
				CLANG_WARN_NON_LITERAL_NULL_CONVERSION = YES;
				CLANG_WARN_OBJC_IMPLICIT_RETAIN_SELF = YES;
				CLANG_WARN_OBJC_LITERAL_CONVERSION = YES;
				CLANG_WARN_OBJC_ROOT_CLASS = YES_ERROR;
				CLANG_WARN_QUOTED_INCLUDE_IN_FRAMEWORK_HEADER = YES;
				CLANG_WARN_RANGE_LOOP_ANALYSIS = YES;
				CLANG_WARN_STRICT_PROTOTYPES = YES;
				CLANG_WARN_SUSPICIOUS_MOVE = YES;
				CLANG_WARN_UNGUARDED_AVAILABILITY = YES_AGGRESSIVE;
				CLANG_WARN_UNREACHABLE_CODE = YES;
				CLANG_WARN__DUPLICATE_METHOD_MATCH = YES;
				COPY_PHASE_STRIP = NO;
				DEBUG_INFORMATION_FORMAT = dwarf;
				ENABLE_STRICT_OBJC_MSGSEND = YES;
				ENABLE_TESTABILITY = YES;
				ENABLE_USER_SCRIPT_SANDBOXING = YES;
				GCC_C_LANGUAGE_STANDARD = gnu17;
				GCC_DYNAMIC_NO_PIC = NO;
				GCC_NO_COMMON_BLOCKS = YES;
				GCC_OPTIMIZATION_LEVEL = 0;
				GCC_PREPROCESSOR_DEFINITIONS = (
					"DEBUG=1",
					"$(inherited)",
				);
				GCC_WARN_64_TO_32_BIT_CONVERSION = YES;
				GCC_WARN_ABOUT_RETURN_TYPE = YES_ERROR;
				GCC_WARN_UNDECLARED_SELECTOR = YES;
				GCC_WARN_UNINITIALIZED_AUTOS = YES_AGGRESSIVE;
				GCC_WARN_UNUSED_FUNCTION = YES;
				GCC_WARN_UNUSED_VARIABLE = YES;
				IPHONEOS_DEPLOYMENT_TARGET = 18.1;
				LOCALIZATION_PREFERS_STRING_CATALOGS = YES;
				MTL_ENABLE_DEBUG_INFO = INCLUDE_SOURCE;
				MTL_FAST_MATH = YES;
				ONLY_ACTIVE_ARCH = YES;
				SDKROOT = iphoneos;
				SWIFT_ACTIVE_COMPILATION_CONDITIONS = "DEBUG $(inherited)";
				SWIFT_OPTIMIZATION_LEVEL = "-Onone";
			};
			name = Debug;
		};
		E26E5F352CDA407A0034C209 /* Release */ = {
			isa = XCBuildConfiguration;
			buildSettings = {
				ALWAYS_SEARCH_USER_PATHS = NO;
				ASSETCATALOG_COMPILER_GENERATE_SWIFT_ASSET_SYMBOL_EXTENSIONS = YES;
				CLANG_ANALYZER_NONNULL = YES;
				CLANG_ANALYZER_NUMBER_OBJECT_CONVERSION = YES_AGGRESSIVE;
				CLANG_CXX_LANGUAGE_STANDARD = "gnu++20";
				CLANG_ENABLE_MODULES = YES;
				CLANG_ENABLE_OBJC_ARC = YES;
				CLANG_ENABLE_OBJC_WEAK = YES;
				CLANG_WARN_BLOCK_CAPTURE_AUTORELEASING = YES;
				CLANG_WARN_BOOL_CONVERSION = YES;
				CLANG_WARN_COMMA = YES;
				CLANG_WARN_CONSTANT_CONVERSION = YES;
				CLANG_WARN_DEPRECATED_OBJC_IMPLEMENTATIONS = YES;
				CLANG_WARN_DIRECT_OBJC_ISA_USAGE = YES_ERROR;
				CLANG_WARN_DOCUMENTATION_COMMENTS = YES;
				CLANG_WARN_EMPTY_BODY = YES;
				CLANG_WARN_ENUM_CONVERSION = YES;
				CLANG_WARN_INFINITE_RECURSION = YES;
				CLANG_WARN_INT_CONVERSION = YES;
				CLANG_WARN_NON_LITERAL_NULL_CONVERSION = YES;
				CLANG_WARN_OBJC_IMPLICIT_RETAIN_SELF = YES;
				CLANG_WARN_OBJC_LITERAL_CONVERSION = YES;
				CLANG_WARN_OBJC_ROOT_CLASS = YES_ERROR;
				CLANG_WARN_QUOTED_INCLUDE_IN_FRAMEWORK_HEADER = YES;
				CLANG_WARN_RANGE_LOOP_ANALYSIS = YES;
				CLANG_WARN_STRICT_PROTOTYPES = YES;
				CLANG_WARN_SUSPICIOUS_MOVE = YES;
				CLANG_WARN_UNGUARDED_AVAILABILITY = YES_AGGRESSIVE;
				CLANG_WARN_UNREACHABLE_CODE = YES;
				CLANG_WARN__DUPLICATE_METHOD_MATCH = YES;
				COPY_PHASE_STRIP = NO;
				DEBUG_INFORMATION_FORMAT = "dwarf-with-dsym";
				ENABLE_NS_ASSERTIONS = NO;
				ENABLE_STRICT_OBJC_MSGSEND = YES;
				ENABLE_USER_SCRIPT_SANDBOXING = YES;
				GCC_C_LANGUAGE_STANDARD = gnu17;
				GCC_NO_COMMON_BLOCKS = YES;
				GCC_WARN_64_TO_32_BIT_CONVERSION = YES;
				GCC_WARN_ABOUT_RETURN_TYPE = YES_ERROR;
				GCC_WARN_UNDECLARED_SELECTOR = YES;
				GCC_WARN_UNINITIALIZED_AUTOS = YES_AGGRESSIVE;
				GCC_WARN_UNUSED_FUNCTION = YES;
				GCC_WARN_UNUSED_VARIABLE = YES;
				IPHONEOS_DEPLOYMENT_TARGET = 18.1;
				LOCALIZATION_PREFERS_STRING_CATALOGS = YES;
				MTL_ENABLE_DEBUG_INFO = NO;
				MTL_FAST_MATH = YES;
				SDKROOT = iphoneos;
				SWIFT_COMPILATION_MODE = wholemodule;
				VALIDATE_PRODUCT = YES;
			};
			name = Release;
		};
		E26E5F372CDA407A0034C209 /* Debug */ = {
			isa = XCBuildConfiguration;
			buildSettings = {
				ASSETCATALOG_COMPILER_APPICON_NAME = AppIcon;
				ASSETCATALOG_COMPILER_GLOBAL_ACCENT_COLOR_NAME = AccentColor;
				CODE_SIGN_STYLE = Automatic;
				CURRENT_PROJECT_VERSION = 1;
				DEVELOPMENT_ASSET_PATHS = "\"DrugCertification/Preview Content\"";
				DEVELOPMENT_TEAM = V97AWBC9HH;
				ENABLE_PREVIEWS = YES;
				GENERATE_INFOPLIST_FILE = YES;
				INFOPLIST_FILE = DrugCertification/Info.plist;
				INFOPLIST_KEY_UIApplicationSceneManifest_Generation = YES;
				INFOPLIST_KEY_UIApplicationSupportsIndirectInputEvents = YES;
				INFOPLIST_KEY_UILaunchScreen_Generation = YES;
				INFOPLIST_KEY_UISupportedInterfaceOrientations_iPad = "UIInterfaceOrientationLandscapeLeft UIInterfaceOrientationLandscapeRight";
				INFOPLIST_KEY_UISupportedInterfaceOrientations_iPhone = "UIInterfaceOrientationLandscapeLeft UIInterfaceOrientationLandscapeRight";
				LD_RUNPATH_SEARCH_PATHS = (
					"$(inherited)",
					"@executable_path/Frameworks",
				);
				MARKETING_VERSION = 1.0;
				PRODUCT_BUNDLE_IDENTIFIER = yuu20030814.DrugCertification;
				PRODUCT_NAME = "$(TARGET_NAME)";
				SWIFT_EMIT_LOC_STRINGS = YES;
				SWIFT_VERSION = 5.0;
				TARGETED_DEVICE_FAMILY = "1,2";
			};
			name = Debug;
		};
		E26E5F382CDA407A0034C209 /* Release */ = {
			isa = XCBuildConfiguration;
			buildSettings = {
				ASSETCATALOG_COMPILER_APPICON_NAME = AppIcon;
				ASSETCATALOG_COMPILER_GLOBAL_ACCENT_COLOR_NAME = AccentColor;
				CODE_SIGN_STYLE = Automatic;
				CURRENT_PROJECT_VERSION = 1;
				DEVELOPMENT_ASSET_PATHS = "\"DrugCertification/Preview Content\"";
				DEVELOPMENT_TEAM = V97AWBC9HH;
				ENABLE_PREVIEWS = YES;
				GENERATE_INFOPLIST_FILE = YES;
				INFOPLIST_FILE = DrugCertification/Info.plist;
				INFOPLIST_KEY_UIApplicationSceneManifest_Generation = YES;
				INFOPLIST_KEY_UIApplicationSupportsIndirectInputEvents = YES;
				INFOPLIST_KEY_UILaunchScreen_Generation = YES;
				INFOPLIST_KEY_UISupportedInterfaceOrientations_iPad = "UIInterfaceOrientationLandscapeLeft UIInterfaceOrientationLandscapeRight";
				INFOPLIST_KEY_UISupportedInterfaceOrientations_iPhone = "UIInterfaceOrientationLandscapeLeft UIInterfaceOrientationLandscapeRight";
				LD_RUNPATH_SEARCH_PATHS = (
					"$(inherited)",
					"@executable_path/Frameworks",
				);
				MARKETING_VERSION = 1.0;
				PRODUCT_BUNDLE_IDENTIFIER = yuu20030814.DrugCertification;
				PRODUCT_NAME = "$(TARGET_NAME)";
				SWIFT_EMIT_LOC_STRINGS = YES;
				SWIFT_VERSION = 5.0;
				TARGETED_DEVICE_FAMILY = "1,2";
			};
			name = Release;
		};
		E26E5F3A2CDA407A0034C209 /* Debug */ = {
			isa = XCBuildConfiguration;
			buildSettings = {
				BUNDLE_LOADER = "$(TEST_HOST)";
				CODE_SIGN_STYLE = Automatic;
				CURRENT_PROJECT_VERSION = 1;
				DEVELOPMENT_TEAM = V97AWBC9HH;
				GENERATE_INFOPLIST_FILE = YES;
				IPHONEOS_DEPLOYMENT_TARGET = 18.1;
				MARKETING_VERSION = 1.0;
				PRODUCT_BUNDLE_IDENTIFIER = yuu20030814.DrugCertificationTests;
				PRODUCT_NAME = "$(TARGET_NAME)";
				SWIFT_EMIT_LOC_STRINGS = NO;
				SWIFT_VERSION = 5.0;
				TARGETED_DEVICE_FAMILY = "1,2";
				TEST_HOST = "$(BUILT_PRODUCTS_DIR)/DrugCertification.app/$(BUNDLE_EXECUTABLE_FOLDER_PATH)/DrugCertification";
			};
			name = Debug;
		};
		E26E5F3B2CDA407A0034C209 /* Release */ = {
			isa = XCBuildConfiguration;
			buildSettings = {
				BUNDLE_LOADER = "$(TEST_HOST)";
				CODE_SIGN_STYLE = Automatic;
				CURRENT_PROJECT_VERSION = 1;
				DEVELOPMENT_TEAM = V97AWBC9HH;
				GENERATE_INFOPLIST_FILE = YES;
				IPHONEOS_DEPLOYMENT_TARGET = 18.1;
				MARKETING_VERSION = 1.0;
				PRODUCT_BUNDLE_IDENTIFIER = yuu20030814.DrugCertificationTests;
				PRODUCT_NAME = "$(TARGET_NAME)";
				SWIFT_EMIT_LOC_STRINGS = NO;
				SWIFT_VERSION = 5.0;
				TARGETED_DEVICE_FAMILY = "1,2";
				TEST_HOST = "$(BUILT_PRODUCTS_DIR)/DrugCertification.app/$(BUNDLE_EXECUTABLE_FOLDER_PATH)/DrugCertification";
			};
			name = Release;
		};
		E26E5F3D2CDA407A0034C209 /* Debug */ = {
			isa = XCBuildConfiguration;
			buildSettings = {
				CODE_SIGN_STYLE = Automatic;
				CURRENT_PROJECT_VERSION = 1;
				DEVELOPMENT_TEAM = V97AWBC9HH;
				GENERATE_INFOPLIST_FILE = YES;
				MARKETING_VERSION = 1.0;
				PRODUCT_BUNDLE_IDENTIFIER = yuu20030814.DrugCertificationUITests;
				PRODUCT_NAME = "$(TARGET_NAME)";
				SWIFT_EMIT_LOC_STRINGS = NO;
				SWIFT_VERSION = 5.0;
				TARGETED_DEVICE_FAMILY = "1,2";
				TEST_TARGET_NAME = DrugCertification;
			};
			name = Debug;
		};
		E26E5F3E2CDA407A0034C209 /* Release */ = {
			isa = XCBuildConfiguration;
			buildSettings = {
				CODE_SIGN_STYLE = Automatic;
				CURRENT_PROJECT_VERSION = 1;
				DEVELOPMENT_TEAM = V97AWBC9HH;
				GENERATE_INFOPLIST_FILE = YES;
				MARKETING_VERSION = 1.0;
				PRODUCT_BUNDLE_IDENTIFIER = yuu20030814.DrugCertificationUITests;
				PRODUCT_NAME = "$(TARGET_NAME)";
				SWIFT_EMIT_LOC_STRINGS = NO;
				SWIFT_VERSION = 5.0;
				TARGETED_DEVICE_FAMILY = "1,2";
				TEST_TARGET_NAME = DrugCertification;
			};
			name = Release;
		};
/* End XCBuildConfiguration section */

/* Begin XCConfigurationList section */
		E26E5F0D2CDA40780034C209 /* Build configuration list for PBXProject "DrugCertification" */ = {
			isa = XCConfigurationList;
			buildConfigurations = (
				E26E5F342CDA407A0034C209 /* Debug */,
				E26E5F352CDA407A0034C209 /* Release */,
			);
			defaultConfigurationIsVisible = 0;
			defaultConfigurationName = Release;
		};
		E26E5F362CDA407A0034C209 /* Build configuration list for PBXNativeTarget "DrugCertification" */ = {
			isa = XCConfigurationList;
			buildConfigurations = (
				E26E5F372CDA407A0034C209 /* Debug */,
				E26E5F382CDA407A0034C209 /* Release */,
			);
			defaultConfigurationIsVisible = 0;
			defaultConfigurationName = Release;
		};
		E26E5F392CDA407A0034C209 /* Build configuration list for PBXNativeTarget "DrugCertificationTests" */ = {
			isa = XCConfigurationList;
			buildConfigurations = (
				E26E5F3A2CDA407A0034C209 /* Debug */,
				E26E5F3B2CDA407A0034C209 /* Release */,
			);
			defaultConfigurationIsVisible = 0;
			defaultConfigurationName = Release;
		};
		E26E5F3C2CDA407A0034C209 /* Build configuration list for PBXNativeTarget "DrugCertificationUITests" */ = {
			isa = XCConfigurationList;
			buildConfigurations = (
				E26E5F3D2CDA407A0034C209 /* Debug */,
				E26E5F3E2CDA407A0034C209 /* Release */,
			);
			defaultConfigurationIsVisible = 0;
			defaultConfigurationName = Release;
		};
/* End XCConfigurationList section */
	};
	rootObject = E26E5F0A2CDA40780034C209 /* Project object */;
}
